
Microsoft Visual Studio Solution File, Format Version 12.00
# Visual Studio Version 17
VisualStudioVersion = 17.1.32210.238
MinimumVisualStudioVersion = 10.0.40219.1
Project("{9A19103F-16F7-4668-BE54-9A1E7A4F7556}") = "IntraSoft", "src\IntraSoft.csproj", "{E746E786-8BB6-4B38-9C6B-2EA4C7611E04}"
EndProject
Project("{2150E333-8FDC-42A3-9474-1A3956D46DE8}") = "Solution Items", "Solution Items", "{683ED078-33C5-4C40-B14C-8D3308585EF7}"
	ProjectSection(SolutionItems) = preProject
		.editorconfig = .editorconfig
	EndProjectSection
EndProject
Global
	GlobalSection(SolutionConfigurationPlatforms) = preSolution
		Debug|Any CPU = Debug|Any CPU
		Release|Any CPU = Release|Any CPU
	EndGlobalSection
	GlobalSection(ProjectConfigurationPlatforms) = postSolution
		{E746E786-8BB6-4B38-9C6B-2EA4C7611E04}.Debug|Any CPU.ActiveCfg = Debug|Any CPU
		{E746E786-8BB6-4B38-9C6B-2EA4C7611E04}.Debug|Any CPU.Build.0 = Debug|Any CPU
		{E746E786-8BB6-4B38-9C6B-2EA4C7611E04}.Release|Any CPU.ActiveCfg = Release|Any CPU
		{E746E786-8BB6-4B38-9C6B-2EA4C7611E04}.Release|Any CPU.Build.0 = Release|Any CPU
	EndGlobalSection
	GlobalSection(SolutionProperties) = preSolution
		HideSolutionNode = FALSE
	EndGlobalSection
	GlobalSection(ExtensibilityGlobals) = postSolution
		SolutionGuid = {6C82280E-8DAD-41D7-97B8-05BCAF823FE4}
	EndGlobalSection
EndGlobal
